{
  "nodes": {
    "nixpkgs": {
      "locked": {
        "lastModified": 1714746430,
        "narHash": "sha256-CzlNTvi5IwOQnE1mnOYrIojEMObXaAqV+16rJykFYIM=",
        "owner": "auxolotl",
        "repo": "nixpkgs",
        "rev": "f8182123fedb08e5423c964952041e9666ba484c",
        "type": "github"
      },
      "original": {
        "owner": "auxolotl",
        "ref": "nixos-unstable",
        "repo": "nixpkgs",
        "type": "github"
      }
    },
    "root": {
      "inputs": {
        "nixpkgs": "nixpkgs"
      }
    }
  },
  "root": "root",
  "version": 7
}
